
Microsoft Visual Studio Solution File, Format Version 12.00
# Visual Studio 15
VisualStudioVersion = 15.0.26430.4
MinimumVisualStudioVersion = 10.0.40219.1
Project("{FAE04EC0-301F-11D3-BF4B-00C04F79EFBC}") = "MVCDatabase", "MVCDatabase\MVCDatabase.csproj", "{8185610F-0A76-48FC-ACB3-32CE2CE1F549}"
EndProject
Project("{FAE04EC0-301F-11D3-BF4B-00C04F79EFBC}") = "MVCCRUDExample", "MVCCRUDExample\MVCCRUDExample.csproj", "{AFB7EA99-D9B4-44E5-A27A-7835E55F2308}"
EndProject
Project("{FAE04EC0-301F-11D3-BF4B-00C04F79EFBC}") = "BusinessLayer", "BusinessLayer\BusinessLayer.csproj", "{4C723EB0-990D-4A9F-82F2-C70C767581F4}"
EndProject
Global
	GlobalSection(SolutionConfigurationPlatforms) = preSolution
		Debug|Any CPU = Debug|Any CPU
		Release|Any CPU = Release|Any CPU
	EndGlobalSection
	GlobalSection(ProjectConfigurationPlatforms) = postSolution
		{8185610F-0A76-48FC-ACB3-32CE2CE1F549}.Debug|Any CPU.ActiveCfg = Debug|Any CPU
		{8185610F-0A76-48FC-ACB3-32CE2CE1F549}.Debug|Any CPU.Build.0 = Debug|Any CPU
		{8185610F-0A76-48FC-ACB3-32CE2CE1F549}.Release|Any CPU.ActiveCfg = Release|Any CPU
		{8185610F-0A76-48FC-ACB3-32CE2CE1F549}.Release|Any CPU.Build.0 = Release|Any CPU
		{AFB7EA99-D9B4-44E5-A27A-7835E55F2308}.Debug|Any CPU.ActiveCfg = Debug|Any CPU
		{AFB7EA99-D9B4-44E5-A27A-7835E55F2308}.Debug|Any CPU.Build.0 = Debug|Any CPU
		{AFB7EA99-D9B4-44E5-A27A-7835E55F2308}.Release|Any CPU.ActiveCfg = Release|Any CPU
		{AFB7EA99-D9B4-44E5-A27A-7835E55F2308}.Release|Any CPU.Build.0 = Release|Any CPU
		{4C723EB0-990D-4A9F-82F2-C70C767581F4}.Debug|Any CPU.ActiveCfg = Debug|Any CPU
		{4C723EB0-990D-4A9F-82F2-C70C767581F4}.Debug|Any CPU.Build.0 = Debug|Any CPU
		{4C723EB0-990D-4A9F-82F2-C70C767581F4}.Release|Any CPU.ActiveCfg = Release|Any CPU
		{4C723EB0-990D-4A9F-82F2-C70C767581F4}.Release|Any CPU.Build.0 = Release|Any CPU
	EndGlobalSection
	GlobalSection(SolutionProperties) = preSolution
		HideSolutionNode = FALSE
	EndGlobalSection
EndGlobal
